{
	"name": "docker-cassandra-cluster",
	"version": "1.0.0",
	"lockfileVersion": 1,
	"requires": true,
	"dependencies": {
		"@types/long": {
			"version": "4.0.1",
			"resolved": "https://registry.npmjs.org/@types/long/-/long-4.0.1.tgz",
			"integrity": "sha512-5tXH6Bx/kNGd3MgffdmP4dy2Z+G4eaXw0SE81Tq3BNadtnMR5/ySMzX4SLEzHJzSmPNn4HIdpQsBvXMUykr58w=="
		},
		"@types/node": {
			"version": "14.0.11",
			"resolved": "https://registry.npmjs.org/@types/node/-/node-14.0.11.tgz",
			"integrity": "sha512-lCvvI24L21ZVeIiyIUHZ5Oflv1hhHQ5E1S25IRlKIXaRkVgmXpJMI3wUJkmym2bTbCe+WoIibQnMVAU3FguaOg=="
		},
		"adm-zip": {
			"version": "0.4.14",
			"resolved": "https://registry.npmjs.org/adm-zip/-/adm-zip-0.4.14.tgz",
			"integrity": "sha512-/9aQCnQHF+0IiCl0qhXoK7qs//SwYE7zX8lsr/DNk1BRAHYxeLZPL4pguwK29gUEqasYQjqPtEpDRSWEkdHn9g=="
		},
		"cassandra-driver": {
			"version": "4.5.2",
			"resolved": "https://registry.npmjs.org/cassandra-driver/-/cassandra-driver-4.5.2.tgz",
			"integrity": "sha512-0yk0xjcjxLfZUSwWEeX8vy6HPxo6U+RZLl29ZyBABdITy8z74uj+rPoEzYgGlqbUBbc9+Rr4orxQ6jBIjakkrA==",
			"requires": {
				"@types/long": "^4.0.0",
				"@types/node": ">=8",
				"adm-zip": "^0.4.13",
				"long": "^2.2.0"
			}
		},
		"long": {
			"version": "2.4.0",
			"resolved": "https://registry.npmjs.org/long/-/long-2.4.0.tgz",
			"integrity": "sha1-n6GAux2VAM3CnEFWdmoZleH0Uk8="
		}
	}
}
